
Microsoft Visual Studio Solution File, Format Version 12.00
# Visual Studio Version 17
VisualStudioVersion = 17.9.34622.214
MinimumVisualStudioVersion = 10.0.40219.1
Project("{9A19103F-16F7-4668-BE54-9A1E7A4F7556}") = "Automating_Coffee_Drewing", "Automating_Coffee_Drewing.csproj", "{415DF5A2-A296-4E32-84A2-D2F7742EB861}"
EndProject
Global
	GlobalSection(SolutionConfigurationPlatforms) = preSolution
		Debug|Any CPU = Debug|Any CPU
		Release|Any CPU = Release|Any CPU
	EndGlobalSection
	GlobalSection(ProjectConfigurationPlatforms) = postSolution
		{415DF5A2-A296-4E32-84A2-D2F7742EB861}.Debug|Any CPU.ActiveCfg = Debug|Any CPU
		{415DF5A2-A296-4E32-84A2-D2F7742EB861}.Debug|Any CPU.Build.0 = Debug|Any CPU
		{415DF5A2-A296-4E32-84A2-D2F7742EB861}.Release|Any CPU.ActiveCfg = Release|Any CPU
		{415DF5A2-A296-4E32-84A2-D2F7742EB861}.Release|Any CPU.Build.0 = Release|Any CPU
	EndGlobalSection
	GlobalSection(SolutionProperties) = preSolution
		HideSolutionNode = FALSE
	EndGlobalSection
	GlobalSection(ExtensibilityGlobals) = postSolution
		SolutionGuid = {07F3F1AF-912E-40CE-8F32-E9902C94D5F0}
	EndGlobalSection
EndGlobal
