
Microsoft Visual Studio Solution File, Format Version 12.00
# Visual Studio Version 17
VisualStudioVersion = 17.9.34622.214
MinimumVisualStudioVersion = 10.0.40219.1
Project("{FAE04EC0-301F-11D3-BF4B-00C04F79EFBC}") = "CoffeeMachine", "CoffeeMachine\CoffeeMachine.csproj", "{3DA39018-99D9-4D80-8B11-F21AEACB25CD}"
EndProject
Global
	GlobalSection(SolutionConfigurationPlatforms) = preSolution
		Debug|Any CPU = Debug|Any CPU
		Release|Any CPU = Release|Any CPU
	EndGlobalSection
	GlobalSection(ProjectConfigurationPlatforms) = postSolution
		{3DA39018-99D9-4D80-8B11-F21AEACB25CD}.Debug|Any CPU.ActiveCfg = Debug|Any CPU
		{3DA39018-99D9-4D80-8B11-F21AEACB25CD}.Debug|Any CPU.Build.0 = Debug|Any CPU
		{3DA39018-99D9-4D80-8B11-F21AEACB25CD}.Release|Any CPU.ActiveCfg = Release|Any CPU
		{3DA39018-99D9-4D80-8B11-F21AEACB25CD}.Release|Any CPU.Build.0 = Release|Any CPU
	EndGlobalSection
	GlobalSection(SolutionProperties) = preSolution
		HideSolutionNode = FALSE
	EndGlobalSection
	GlobalSection(ExtensibilityGlobals) = postSolution
		SolutionGuid = {D3C0E994-92A1-4D5E-86FA-256EC0DF2F33}
	EndGlobalSection
EndGlobal
